
Microsoft Visual Studio Solution File, Format Version 12.00
# Visual Studio Version 17
VisualStudioVersion = 17.6.33815.320
MinimumVisualStudioVersion = 10.0.40219.1
Project("{FAE04EC0-301F-11D3-BF4B-00C04F79EFBC}") = "TestCRUD", "TestCRUD\TestCRUD.csproj", "{8AFD4622-EA83-456C-8CB4-0A66D1E195A2}"
EndProject
Global
	GlobalSection(SolutionConfigurationPlatforms) = preSolution
		Debug|Any CPU = Debug|Any CPU
		Release|Any CPU = Release|Any CPU
	EndGlobalSection
	GlobalSection(ProjectConfigurationPlatforms) = postSolution
		{8AFD4622-EA83-456C-8CB4-0A66D1E195A2}.Debug|Any CPU.ActiveCfg = Debug|Any CPU
		{8AFD4622-EA83-456C-8CB4-0A66D1E195A2}.Debug|Any CPU.Build.0 = Debug|Any CPU
		{8AFD4622-EA83-456C-8CB4-0A66D1E195A2}.Release|Any CPU.ActiveCfg = Release|Any CPU
		{8AFD4622-EA83-456C-8CB4-0A66D1E195A2}.Release|Any CPU.Build.0 = Release|Any CPU
	EndGlobalSection
	GlobalSection(SolutionProperties) = preSolution
		HideSolutionNode = FALSE
	EndGlobalSection
	GlobalSection(ExtensibilityGlobals) = postSolution
		SolutionGuid = {DA1D70DC-E91F-429A-8A32-561C5A8FBD38}
	EndGlobalSection
EndGlobal
